version = 1
requires-python = ">=3.11"

[[package]]
name = "chia-puzzles-py"
version = "0.1.0"
source = { editable = "." }
dependencies = [
    { name = "clvm" },
    { name = "clvm-tools" },
    { name = "pytest" },
]

[package.metadata]
requires-dist = [
    { name = "clvm", specifier = ">=0.9.11" },
    { name = "clvm-tools", specifier = ">=0.4.10" },
    { name = "pytest", specifier = ">=8.3.3" },
]

[[package]]
name = "chia-rs"
version = "0.15.0"
source = { registry = "https://pypi.org/simple" }
dependencies = [
    { name = "typing-extensions" },
]
sdist = { url = "https://files.pythonhosted.org/packages/0d/aa/ac55d726b0ed64d3cf508f7a3f29156a59a753aa9e8414238c292a7cb05d/chia_rs-0.15.0.tar.gz", hash = "sha256:582e107e53fc5eb1a4e6d851af8f00a1fd794699689e69a3fdf4ce20e6b73665", size = 247360 }
wheels = [
    { url = "https://files.pythonhosted.org/packages/ed/1d/fb8f0b79c0542a98b51cef150b2c6f9cecf54f642b6003041fe98970a495/chia_rs-0.15.0-cp311-cp311-macosx_13_0_arm64.whl", hash = "sha256:98e773b6876243fd02e202c44162c4ab38d57a6e731f8de790f46f8646596d1d", size = 2240155 },
    { url = "https://files.pythonhosted.org/packages/47/5a/a9d102dfd1d27e4af039de072479256a0911242d42a9a875a81d07f46df4/chia_rs-0.15.0-cp311-cp311-macosx_13_0_x86_64.whl", hash = "sha256:457a82ef5e0f10236fbc86279b1dbfa64f84c4a7e40e2a28d105da653b9112a6", size = 2303848 },
    { url = "https://files.pythonhosted.org/packages/34/01/b7bf85f92d771ba7db4d92e53b3749ca8fe77d02cd8a742f26395037dbdd/chia_rs-0.15.0-cp311-cp311-manylinux_2_28_aarch64.whl", hash = "sha256:1d7b376f0884c2aef3bde9064b5cebfb86f0319108c06faea8c223ee18505ab2", size = 2568325 },
    { url = "https://files.pythonhosted.org/packages/bd/fd/b6927258553091b1dfbcddf5e3a7c603698539bd379cc388f48af0ef418b/chia_rs-0.15.0-cp311-cp311-manylinux_2_28_x86_64.whl", hash = "sha256:7e8e1b3836b4c003587e49e6612d6bb5c84d6ef91cf269a955b809789df1b007", size = 2529496 },
    { url = "https://files.pythonhosted.org/packages/82/dc/265c3df258f8b736971cf20c8cdcc2d9bd98620a6bcd727d53e1dd5d77e9/chia_rs-0.15.0-cp311-none-win_amd64.whl", hash = "sha256:4e51d4b6c42a5e36c6c3759a11cb3a002d528805ebbef298caf115a8236136df", size = 2093117 },
    { url = "https://files.pythonhosted.org/packages/f3/9d/a265db3bc63d24dd15f0a6ad98c943333655e6c2280c471d40193ec4b6af/chia_rs-0.15.0-cp312-cp312-macosx_13_0_arm64.whl", hash = "sha256:ea69015e2cf69e90b83055c7eec1964efd14c8a4f3a739e30e8d9225fae67666", size = 2236565 },
    { url = "https://files.pythonhosted.org/packages/6e/99/d6a55b139fd36fab509205f9953369b4ebdd9c0fefc8c11863f46381b22d/chia_rs-0.15.0-cp312-cp312-macosx_13_0_x86_64.whl", hash = "sha256:e3683ff9c01b2f2e0ae4e78a050e03249773f78141f152d905b0586a37319b75", size = 2297453 },
    { url = "https://files.pythonhosted.org/packages/a4/ab/697e65b3369eaf98edb4666f06ed9c8cd4d1ea4a114e1438ddb00e9e7c21/chia_rs-0.15.0-cp312-cp312-manylinux_2_28_aarch64.whl", hash = "sha256:68b4a8547f4593917f960f7ca6b6a68a596b27dd35a309646f549830aae94692", size = 2564533 },
    { url = "https://files.pythonhosted.org/packages/ff/33/564531b5d8c21b445dcf306545ba3dd48ee14294a2ad29fa41f257c4720b/chia_rs-0.15.0-cp312-cp312-manylinux_2_28_x86_64.whl", hash = "sha256:a9450ebf4eec7ce232bcda2c2c3c42aa97e216317ab91a56bfc1f35460ae052f", size = 2536702 },
    { url = "https://files.pythonhosted.org/packages/86/c6/bac377c28c9999b838b5e7998adadfb9cd5ea336f31d7c5a5e08b722f154/chia_rs-0.15.0-cp312-none-win_amd64.whl", hash = "sha256:5cd8d45912073a7c12e2057e264dbd3bb3ea0c9cd47459ae31a669edb0f7e6dc", size = 2103417 },
]

[[package]]
name = "clvm"
version = "0.9.11"
source = { registry = "https://pypi.org/simple" }
dependencies = [
    { name = "chia-rs" },
    { name = "importlib-metadata" },
    { name = "typing-extensions" },
]
sdist = { url = "https://files.pythonhosted.org/packages/09/b5/2ba3c58d3ddd9f2f950c4e7f336c7c20fe1c82401b5fbbbcfd47e7adc3cc/clvm-0.9.11.tar.gz", hash = "sha256:60a644eea1c8d52a61654d4b063337b46983477d4243265e10287639e4625206", size = 67711 }
wheels = [
    { url = "https://files.pythonhosted.org/packages/ed/ec/de7ef35f9011eca5eed943bbf849418994875d64f0c14958f934183fcaab/clvm-0.9.11-py3-none-any.whl", hash = "sha256:d39df22eb32b2e9b7d39545787a8a68e18e944d551790d5da05211c8812c7111", size = 22355 },
]

[[package]]
name = "clvm-tools"
version = "0.4.10"
source = { registry = "https://pypi.org/simple" }
dependencies = [
    { name = "clvm" },
    { name = "clvm-tools-rs" },
    { name = "importlib-metadata" },
    { name = "setuptools" },
]
sdist = { url = "https://files.pythonhosted.org/packages/d9/8c/f2c72daf5cac7a72c5caacfbbb6c0820e95ef6fd62cfe3a933bc97e2698b/clvm_tools-0.4.10.tar.gz", hash = "sha256:7a35a127b84b34e6103320c5dd82d34214c50bbdcaec7160702f27372c1467f4", size = 67928 }
wheels = [
    { url = "https://files.pythonhosted.org/packages/66/ad/bec96e038d78adaaeb6264a371a35a11f845b548241dd3c0f7bc94183325/clvm_tools-0.4.10-py3-none-any.whl", hash = "sha256:8c8d9289494a67867108f91d4fcfa56a93580a6927f9d69e2d91fec259030d79", size = 35813 },
]

[[package]]
name = "clvm-tools-rs"
version = "0.1.45"
source = { registry = "https://pypi.org/simple" }
sdist = { url = "https://files.pythonhosted.org/packages/ba/61/1369700ba72256b0ffaeb5b6407545b2b3fd3ea6a990687511828d8cc4b0/clvm_tools_rs-0.1.45.tar.gz", hash = "sha256:73848e0504e42bbd9627497c7307147cce9a04678936b5aec5c5a6be4b372c84", size = 549102 }
wheels = [
    { url = "https://files.pythonhosted.org/packages/53/ab/c0996508ae9cf855e18c20804fcbdabc518183b89a68db127039b1ac920d/clvm_tools_rs-0.1.45-cp38-abi3-macosx_11_0_arm64.whl", hash = "sha256:fc5a60fa6bbbfb8875258266b82251c4cc9279e3d6435eaaada0b2c033816b1a", size = 1266517 },
    { url = "https://files.pythonhosted.org/packages/a5/4e/53e7f79f877b1de101829da203419f09bd02c418485918f6d1040e73549a/clvm_tools_rs-0.1.45-cp38-abi3-macosx_13_0_x86_64.whl", hash = "sha256:d1cd3240fdb9560c5cc860ac15196a00b70935827018deacf01651fcd9bfa6e5", size = 1364259 },
    { url = "https://files.pythonhosted.org/packages/ed/63/d5184653ec03f78ca831b4dfaa7c2f814b1709257253f15202345e6f2a30/clvm_tools_rs-0.1.45-cp38-abi3-manylinux_2_28_aarch64.whl", hash = "sha256:fe0dcb7cad0edd1c9b1f7b0e3e6864cea1e13c3f8a6667de83c4721ff5626b4f", size = 1487232 },
    { url = "https://files.pythonhosted.org/packages/19/86/5d5c34ac56f7d1241f41cf49e266c4c504115d4c71da8d8ff80b58ba73b4/clvm_tools_rs-0.1.45-cp38-abi3-manylinux_2_28_x86_64.whl", hash = "sha256:792fb5be40d317e32b86e44f9a3bbbf4d96827b304877e678eaff0abca212b3e", size = 1539470 },
    { url = "https://files.pythonhosted.org/packages/ad/0a/ceadddaa13a971c54eee29a4d803dce4c30824671caf485ab52673028cbe/clvm_tools_rs-0.1.45-cp38-abi3-musllinux_1_1_x86_64.whl", hash = "sha256:079b849e0c289b6c8e7e93c027d9ee8083714ad07c5d19a1c0f7bd88efa9615f", size = 1608986 },
    { url = "https://files.pythonhosted.org/packages/05/7e/5a0c10181cee6aa5e3538bb84ba11e285e1ba2af6a6520e29b1e559b1c34/clvm_tools_rs-0.1.45-cp38-abi3-win_amd64.whl", hash = "sha256:3153335cafd180a6a308fef0d3808777fb5f7e13edd43e9ee344afd212e05516", size = 1351530 },
]

[[package]]
name = "colorama"
version = "0.4.6"
source = { registry = "https://pypi.org/simple" }
sdist = { url = "https://files.pythonhosted.org/packages/d8/53/6f443c9a4a8358a93a6792e2acffb9d9d5cb0a5cfd8802644b7b1c9a02e4/colorama-0.4.6.tar.gz", hash = "sha256:08695f5cb7ed6e0531a20572697297273c47b8cae5a63ffc6d6ed5c201be6e44", size = 27697 }
wheels = [
    { url = "https://files.pythonhosted.org/packages/d1/d6/3965ed04c63042e047cb6a3e6ed1a63a35087b6a609aa3a15ed8ac56c221/colorama-0.4.6-py2.py3-none-any.whl", hash = "sha256:4f1d9991f5acc0ca119f9d443620b77f9d6b33703e51011c16baf57afb285fc6", size = 25335 },
]

[[package]]
name = "importlib-metadata"
version = "7.2.1"
source = { registry = "https://pypi.org/simple" }
dependencies = [
    { name = "zipp" },
]
sdist = { url = "https://files.pythonhosted.org/packages/76/72/33d1bb4be61f1327d3cd76fc41e2d001a6b748a0648d944c646643f123fe/importlib_metadata-7.2.1.tar.gz", hash = "sha256:509ecb2ab77071db5137c655e24ceb3eee66e7bbc6574165d0d114d9fc4bbe68", size = 52834 }
wheels = [
    { url = "https://files.pythonhosted.org/packages/9e/28/7daa5f782f5e2cbbec00556bf23ca106023470ebab3ae1040ee778269af1/importlib_metadata-7.2.1-py3-none-any.whl", hash = "sha256:ffef94b0b66046dd8ea2d619b701fe978d9264d38f3998bc4c27ec3b146a87c8", size = 25037 },
]

[[package]]
name = "iniconfig"
version = "2.0.0"
source = { registry = "https://pypi.org/simple" }
sdist = { url = "https://files.pythonhosted.org/packages/d7/4b/cbd8e699e64a6f16ca3a8220661b5f83792b3017d0f79807cb8708d33913/iniconfig-2.0.0.tar.gz", hash = "sha256:2d91e135bf72d31a410b17c16da610a82cb55f6b0477d1a902134b24a455b8b3", size = 4646 }
wheels = [
    { url = "https://files.pythonhosted.org/packages/ef/a6/62565a6e1cf69e10f5727360368e451d4b7f58beeac6173dc9db836a5b46/iniconfig-2.0.0-py3-none-any.whl", hash = "sha256:b6a85871a79d2e3b22d2d1b94ac2824226a63c6b741c88f7ae975f18b6778374", size = 5892 },
]

[[package]]
name = "packaging"
version = "24.1"
source = { registry = "https://pypi.org/simple" }
sdist = { url = "https://files.pythonhosted.org/packages/51/65/50db4dda066951078f0a96cf12f4b9ada6e4b811516bf0262c0f4f7064d4/packaging-24.1.tar.gz", hash = "sha256:026ed72c8ed3fcce5bf8950572258698927fd1dbda10a5e981cdf0ac37f4f002", size = 148788 }
wheels = [
    { url = "https://files.pythonhosted.org/packages/08/aa/cc0199a5f0ad350994d660967a8efb233fe0416e4639146c089643407ce6/packaging-24.1-py3-none-any.whl", hash = "sha256:5b8f2217dbdbd2f7f384c41c628544e6d52f2d0f53c6d0c3ea61aa5d1d7ff124", size = 53985 },
]

[[package]]
name = "pluggy"
version = "1.5.0"
source = { registry = "https://pypi.org/simple" }
sdist = { url = "https://files.pythonhosted.org/packages/96/2d/02d4312c973c6050a18b314a5ad0b3210edb65a906f868e31c111dede4a6/pluggy-1.5.0.tar.gz", hash = "sha256:2cffa88e94fdc978c4c574f15f9e59b7f4201d439195c3715ca9e2486f1d0cf1", size = 67955 }
wheels = [
    { url = "https://files.pythonhosted.org/packages/88/5f/e351af9a41f866ac3f1fac4ca0613908d9a41741cfcf2228f4ad853b697d/pluggy-1.5.0-py3-none-any.whl", hash = "sha256:44e1ad92c8ca002de6377e165f3e0f1be63266ab4d554740532335b9d75ea669", size = 20556 },
]

[[package]]
name = "pytest"
version = "8.3.3"
source = { registry = "https://pypi.org/simple" }
dependencies = [
    { name = "colorama", marker = "sys_platform == 'win32'" },
    { name = "iniconfig" },
    { name = "packaging" },
    { name = "pluggy" },
]
sdist = { url = "https://files.pythonhosted.org/packages/8b/6c/62bbd536103af674e227c41a8f3dcd022d591f6eed5facb5a0f31ee33bbc/pytest-8.3.3.tar.gz", hash = "sha256:70b98107bd648308a7952b06e6ca9a50bc660be218d53c257cc1fc94fda10181", size = 1442487 }
wheels = [
    { url = "https://files.pythonhosted.org/packages/6b/77/7440a06a8ead44c7757a64362dd22df5760f9b12dc5f11b6188cd2fc27a0/pytest-8.3.3-py3-none-any.whl", hash = "sha256:a6853c7375b2663155079443d2e45de913a911a11d669df02a50814944db57b2", size = 342341 },
]

[[package]]
name = "setuptools"
version = "75.2.0"
source = { registry = "https://pypi.org/simple" }
sdist = { url = "https://files.pythonhosted.org/packages/07/37/b31be7e4b9f13b59cde9dcaeff112d401d49e0dc5b37ed4a9fc8fb12f409/setuptools-75.2.0.tar.gz", hash = "sha256:753bb6ebf1f465a1912e19ed1d41f403a79173a9acf66a42e7e6aec45c3c16ec", size = 1350308 }
wheels = [
    { url = "https://files.pythonhosted.org/packages/31/2d/90165d51ecd38f9a02c6832198c13a4e48652485e2ccf863ebb942c531b6/setuptools-75.2.0-py3-none-any.whl", hash = "sha256:a7fcb66f68b4d9e8e66b42f9876150a3371558f98fa32222ffaa5bced76406f8", size = 1249825 },
]

[[package]]
name = "typing-extensions"
version = "4.12.2"
source = { registry = "https://pypi.org/simple" }
sdist = { url = "https://files.pythonhosted.org/packages/df/db/f35a00659bc03fec321ba8bce9420de607a1d37f8342eee1863174c69557/typing_extensions-4.12.2.tar.gz", hash = "sha256:1a7ead55c7e559dd4dee8856e3a88b41225abfe1ce8df57b7c13915fe121ffb8", size = 85321 }
wheels = [
    { url = "https://files.pythonhosted.org/packages/26/9f/ad63fc0248c5379346306f8668cda6e2e2e9c95e01216d2b8ffd9ff037d0/typing_extensions-4.12.2-py3-none-any.whl", hash = "sha256:04e5ca0351e0f3f85c6853954072df659d0d13fac324d0072316b67d7794700d", size = 37438 },
]

[[package]]
name = "zipp"
version = "3.20.2"
source = { registry = "https://pypi.org/simple" }
sdist = { url = "https://files.pythonhosted.org/packages/54/bf/5c0000c44ebc80123ecbdddba1f5dcd94a5ada602a9c225d84b5aaa55e86/zipp-3.20.2.tar.gz", hash = "sha256:bc9eb26f4506fda01b81bcde0ca78103b6e62f991b381fec825435c836edbc29", size = 24199 }
wheels = [
    { url = "https://files.pythonhosted.org/packages/62/8b/5ba542fa83c90e09eac972fc9baca7a88e7e7ca4b221a89251954019308b/zipp-3.20.2-py3-none-any.whl", hash = "sha256:a817ac80d6cf4b23bf7f2828b7cabf326f15a001bea8b1f9b49631780ba28350", size = 9200 },
]
